{
  "name": "ts-game",
  "version": "1.0.0",
  "lockfileVersion": 1,
  "requires": true,
  "dependencies": {
    "@types/node": {
      "version": "14.0.19",
      "resolved": "https://registry.npmjs.org/@types/node/-/node-14.0.19.tgz",
      "integrity": "sha512-yf3BP/NIXF37BjrK5klu//asUWitOEoUP5xE1mhSUjazotwJ/eJDgEmMQNlOeWOVv72j24QQ+3bqXHE++CFGag=="
    },
    "readline": {
      "version": "1.3.0",
      "resolved": "https://registry.npmjs.org/readline/-/readline-1.3.0.tgz",
      "integrity": "sha1-xYDXfvLPyHUrEySYBg3JeTp6wBw="
    },
    "typescript": {
      "version": "3.9.6",
      "resolved": "https://registry.npmjs.org/typescript/-/typescript-3.9.6.tgz",
      "integrity": "sha512-Pspx3oKAPJtjNwE92YS05HQoY7z2SFyOpHo9MqJor3BXAGNaPUs83CuVp9VISFkSjyRfiTpmKuAYGJB7S7hOxw=="
    }
  }
}
